
Microsoft Visual Studio Solution File, Format Version 12.00
# Visual Studio 15
VisualStudioVersion = 15.0.28010.2050
MinimumVisualStudioVersion = 10.0.40219.1
Project("{6EC3EE1D-3C4E-46DD-8F32-0CC8E7565705}") = "WordGuesserGame", "WordGuesserGame\WordGuesserGame.fsproj", "{7FEF6B4E-4B54-49CF-BA11-27913CC669E8}"
EndProject
Project("{F2A71F9B-5D33-465A-A702-920D77279786}") = "Tests", "Tests\Tests.fsproj", "{96E1CC13-9B67-4273-98A2-19ACEA260CC4}"
EndProject
Global
	GlobalSection(SolutionConfigurationPlatforms) = preSolution
		Debug|Any CPU = Debug|Any CPU
		Release|Any CPU = Release|Any CPU
	EndGlobalSection
	GlobalSection(ProjectConfigurationPlatforms) = postSolution
		{7FEF6B4E-4B54-49CF-BA11-27913CC669E8}.Debug|Any CPU.ActiveCfg = Debug|Any CPU
		{7FEF6B4E-4B54-49CF-BA11-27913CC669E8}.Debug|Any CPU.Build.0 = Debug|Any CPU
		{7FEF6B4E-4B54-49CF-BA11-27913CC669E8}.Release|Any CPU.ActiveCfg = Release|Any CPU
		{7FEF6B4E-4B54-49CF-BA11-27913CC669E8}.Release|Any CPU.Build.0 = Release|Any CPU
		{96E1CC13-9B67-4273-98A2-19ACEA260CC4}.Debug|Any CPU.ActiveCfg = Debug|Any CPU
		{96E1CC13-9B67-4273-98A2-19ACEA260CC4}.Debug|Any CPU.Build.0 = Debug|Any CPU
		{96E1CC13-9B67-4273-98A2-19ACEA260CC4}.Release|Any CPU.ActiveCfg = Release|Any CPU
		{96E1CC13-9B67-4273-98A2-19ACEA260CC4}.Release|Any CPU.Build.0 = Release|Any CPU
	EndGlobalSection
	GlobalSection(SolutionProperties) = preSolution
		HideSolutionNode = FALSE
	EndGlobalSection
	GlobalSection(ExtensibilityGlobals) = postSolution
		SolutionGuid = {8E6E4A1E-A661-423C-8EF5-95BCB5C963D8}
	EndGlobalSection
EndGlobal
